# This file is automatically @generated by Cargo.
# It is not intended for manual editing.
version = 4

[[package]]
name = "ctor"
version = "1.0.6"
source = "registry+https://github.com/rust-lang/crates.io-index"
checksum = "6d765eb1c0bda10d31e0ea185f5ee15da532d60b0912d2bd1441783439e749c5"
dependencies = [
 "linktime-proc-macro",
]

[[package]]
name = "libc"
version = "0.2.186"
source = "registry+https://github.com/rust-lang/crates.io-index"
checksum = "68ab91017fe16c622486840e4c83c9a37afeff978bd239b5293d61ece587de66"

[[package]]
name = "linktime-proc-macro"
version = "0.1.0"
source = "registry+https://github.com/rust-lang/crates.io-index"
checksum = "a44cd706ff0d503ee32b2071166510ca27e281228de10cd3aa8d35ff94560f81"

[[package]]
name = "script-jail-shim"
version = "0.0.0"
dependencies = [
 "ctor",
 "libc",
]
