{
  "name": "npm-jar-e2e-consumer-tampered",
  "version": "0.0.0",
  "lockfileVersion": 3,
  "requires": true,
  "packages": {
    "": {
      "name": "npm-jar-e2e-consumer-tampered",
      "version": "0.0.0",
      "dependencies": {
        "reads-home-ssh": "file:../../fixtures/reads-home-ssh",
        "reads-secret-env": "file:../../fixtures/reads-secret-env",
        "spawns-gcc": "file:../../fixtures/spawns-gcc",
        "tries-dlopen": "file:../../fixtures/tries-dlopen",
        "tries-network-egress": "file:../../fixtures/tries-network-egress",
        "writes-into-repo": "file:../../fixtures/writes-into-repo",
        "cross-package-tampering": "file:../../fixtures/cross-package-tampering",
        "victim-package": "file:../../fixtures/victim-package"
      }
    }
  }
}
